// !$*UTF8*$!
{
	archiveVersion = 1;
	classes = {
	};
	objectVersion = 56;
	objects = {

/* Begin PBXBuildFile section */
		A1000001000000000000A001 /* WordAceApp.swift in Sources */ = {isa = PBXBuildFile; fileRef = B1000001000000000000A001 /* WordAceApp.swift */; };
		A1000002000000000000A001 /* Models.swift in Sources */ = {isa = PBXBuildFile; fileRef = B1000002000000000000A001 /* Models.swift */; };
		A1000003000000000000A001 /* DictionaryService.swift in Sources */ = {isa = PBXBuildFile; fileRef = B1000003000000000000A001 /* DictionaryService.swift */; };
		A1000004000000000000A001 /* QuizEngine.swift in Sources */ = {isa = PBXBuildFile; fileRef = B1000004000000000000A001 /* QuizEngine.swift */; };
		A1000005000000000000A001 /* GroupsListView.swift in Sources */ = {isa = PBXBuildFile; fileRef = B1000005000000000000A001 /* GroupsListView.swift */; };
		A1000006000000000000A001 /* GroupDetailView.swift in Sources */ = {isa = PBXBuildFile; fileRef = B1000006000000000000A001 /* GroupDetailView.swift */; };
		A1000007000000000000A001 /* WordLookupView.swift in Sources */ = {isa = PBXBuildFile; fileRef = B1000007000000000000A001 /* WordLookupView.swift */; };
		A1000008000000000000A001 /* WordDetailView.swift in Sources */ = {isa = PBXBuildFile; fileRef = B1000008000000000000A001 /* WordDetailView.swift */; };
		A1000009000000000000A001 /* QuizConfigSheet.swift in Sources */ = {isa = PBXBuildFile; fileRef = B1000009000000000000A001 /* QuizConfigSheet.swift */; };
		A100000A000000000000A001 /* QuizRunnerView.swift in Sources */ = {isa = PBXBuildFile; fileRef = B100000A000000000000A001 /* QuizRunnerView.swift */; };
		A100000B000000000000A001 /* Assets.xcassets in Resources */ = {isa = PBXBuildFile; fileRef = B100000B000000000000A001 /* Assets.xcassets */; };
		A100000C000000000000A001 /* Preview Assets.xcassets in Resources */ = {isa = PBXBuildFile; fileRef = B100000C000000000000A001 /* Preview Assets.xcassets */; };
		A100000D000000000000A001 /* dictionary.sqlite in Resources */ = {isa = PBXBuildFile; fileRef = B100000D000000000000A001 /* dictionary.sqlite */; };
		A100000E000000000000A001 /* DictionaryDownloader.swift in Sources */ = {isa = PBXBuildFile; fileRef = B100000E000000000000A001 /* DictionaryDownloader.swift */; };
		A100000F000000000000A001 /* DictionaryLoaderView.swift in Sources */ = {isa = PBXBuildFile; fileRef = B100000F000000000000A001 /* DictionaryLoaderView.swift */; };
		A1000011000000000000A001 /* ReadyGroupsView.swift in Sources */ = {isa = PBXBuildFile; fileRef = B1000011000000000000A001 /* ReadyGroupsView.swift */; };
		A1000012000000000000A001 /* ready_groups.json in Resources */ = {isa = PBXBuildFile; fileRef = B1000012000000000000A001 /* ready_groups.json */; };
		A1000013000000000000A001 /* SharedViews.swift in Sources */ = {isa = PBXBuildFile; fileRef = B1000013000000000000A001 /* SharedViews.swift */; };
		A1000014000000000000A001 /* GroupStatsView.swift in Sources */ = {isa = PBXBuildFile; fileRef = B1000014000000000000A001 /* GroupStatsView.swift */; };
/* End PBXBuildFile section */

/* Begin PBXFileReference section */
		B0000001000000000000A001 /* WordAce.app */ = {isa = PBXFileReference; explicitFileType = wrapper.application; includeInIndex = 0; path = WordAce.app; sourceTree = BUILT_PRODUCTS_DIR; };
		B1000001000000000000A001 /* WordAceApp.swift */ = {isa = PBXFileReference; lastKnownFileType = sourcecode.swift; path = WordAceApp.swift; sourceTree = "<group>"; };
		B1000002000000000000A001 /* Models.swift */ = {isa = PBXFileReference; lastKnownFileType = sourcecode.swift; path = Models.swift; sourceTree = "<group>"; };
		B1000003000000000000A001 /* DictionaryService.swift */ = {isa = PBXFileReference; lastKnownFileType = sourcecode.swift; path = DictionaryService.swift; sourceTree = "<group>"; };
		B1000004000000000000A001 /* QuizEngine.swift */ = {isa = PBXFileReference; lastKnownFileType = sourcecode.swift; path = QuizEngine.swift; sourceTree = "<group>"; };
		B1000005000000000000A001 /* GroupsListView.swift */ = {isa = PBXFileReference; lastKnownFileType = sourcecode.swift; path = GroupsListView.swift; sourceTree = "<group>"; };
		B1000006000000000000A001 /* GroupDetailView.swift */ = {isa = PBXFileReference; lastKnownFileType = sourcecode.swift; path = GroupDetailView.swift; sourceTree = "<group>"; };
		B1000007000000000000A001 /* WordLookupView.swift */ = {isa = PBXFileReference; lastKnownFileType = sourcecode.swift; path = WordLookupView.swift; sourceTree = "<group>"; };
		B1000008000000000000A001 /* WordDetailView.swift */ = {isa = PBXFileReference; lastKnownFileType = sourcecode.swift; path = WordDetailView.swift; sourceTree = "<group>"; };
		B1000009000000000000A001 /* QuizConfigSheet.swift */ = {isa = PBXFileReference; lastKnownFileType = sourcecode.swift; path = QuizConfigSheet.swift; sourceTree = "<group>"; };
		B100000A000000000000A001 /* QuizRunnerView.swift */ = {isa = PBXFileReference; lastKnownFileType = sourcecode.swift; path = QuizRunnerView.swift; sourceTree = "<group>"; };
		B100000B000000000000A001 /* Assets.xcassets */ = {isa = PBXFileReference; lastKnownFileType = folder.assetcatalog; path = Assets.xcassets; sourceTree = "<group>"; };
		B100000C000000000000A001 /* Preview Assets.xcassets */ = {isa = PBXFileReference; lastKnownFileType = folder.assetcatalog; path = "Preview Assets.xcassets"; sourceTree = "<group>"; };
		B100000D000000000000A001 /* dictionary.sqlite */ = {isa = PBXFileReference; lastKnownFileType = file; path = dictionary.sqlite; sourceTree = "<group>"; };
		B100000E000000000000A001 /* DictionaryDownloader.swift */ = {isa = PBXFileReference; lastKnownFileType = sourcecode.swift; path = DictionaryDownloader.swift; sourceTree = "<group>"; };
		B100000F000000000000A001 /* DictionaryLoaderView.swift */ = {isa = PBXFileReference; lastKnownFileType = sourcecode.swift; path = DictionaryLoaderView.swift; sourceTree = "<group>"; };
		B1000010000000000000A001 /* Info.plist */ = {isa = PBXFileReference; lastKnownFileType = text.plist.xml; path = Info.plist; sourceTree = "<group>"; };
		B1000011000000000000A001 /* ReadyGroupsView.swift */ = {isa = PBXFileReference; lastKnownFileType = sourcecode.swift; path = ReadyGroupsView.swift; sourceTree = "<group>"; };
		B1000012000000000000A001 /* ready_groups.json */ = {isa = PBXFileReference; lastKnownFileType = text.json; path = ready_groups.json; sourceTree = "<group>"; };
		B1000013000000000000A001 /* SharedViews.swift */ = {isa = PBXFileReference; lastKnownFileType = sourcecode.swift; path = SharedViews.swift; sourceTree = "<group>"; };
		B1000014000000000000A001 /* GroupStatsView.swift */ = {isa = PBXFileReference; lastKnownFileType = sourcecode.swift; path = GroupStatsView.swift; sourceTree = "<group>"; };
/* End PBXFileReference section */

		A1000001000000000000A002 /* MergeLogicTests.swift in Sources */ = {isa = PBXBuildFile; fileRef = B1000001000000000000A002 /* MergeLogicTests.swift */; };
		A1000002000000000000A002 /* AutoLearnTests.swift in Sources */ = {isa = PBXBuildFile; fileRef = B1000002000000000000A002 /* AutoLearnTests.swift */; };

		B0000001000000000000A002 /* WordAceTests.xctest */ = {isa = PBXFileReference; explicitFileType = wrapper.cfbundle; includeInIndex = 0; path = WordAceTests.xctest; sourceTree = BUILT_PRODUCTS_DIR; };
		B1000001000000000000A002 /* MergeLogicTests.swift */ = {isa = PBXFileReference; lastKnownFileType = sourcecode.swift; path = MergeLogicTests.swift; sourceTree = "<group>"; };
		B1000002000000000000A002 /* AutoLearnTests.swift */ = {isa = PBXFileReference; lastKnownFileType = sourcecode.swift; path = AutoLearnTests.swift; sourceTree = "<group>"; };

/* Begin PBXFrameworksBuildPhase section */
		C0000001000000000000A002 /* Frameworks */ = {
			isa = PBXFrameworksBuildPhase;
			buildActionMask = 2147483647;
			files = (
			);
			runOnlyForDeploymentPostprocessing = 0;
		};
		C0000001000000000000A001 /* Frameworks */ = {
			isa = PBXFrameworksBuildPhase;
			buildActionMask = 2147483647;
			files = (
			);
			runOnlyForDeploymentPostprocessing = 0;
		};
/* End PBXFrameworksBuildPhase section */

/* Begin PBXGroup section */
		D0000001000000000000A001 = {
			isa = PBXGroup;
			children = (
				D0000002000000000000A001 /* WordAce */,
				D0000001000000000000A002 /* WordAceTests */,
				D0000003000000000000A001 /* Products */,
			);
			sourceTree = "<group>";
		};
		D0000002000000000000A001 /* WordAce */ = {
			isa = PBXGroup;
			children = (
				B1000001000000000000A001 /* WordAceApp.swift */,
				B1000010000000000000A001 /* Info.plist */,
				D0000004000000000000A001 /* Models */,
				D0000005000000000000A001 /* Dictionary */,
				D0000006000000000000A001 /* Quiz */,
				D0000007000000000000A001 /* Views */,
				D0000009000000000000A001 /* Resources */,
				B100000B000000000000A001 /* Assets.xcassets */,
				D0000008000000000000A001 /* Preview Content */,
			);
			path = WordAce;
			sourceTree = "<group>";
		};
		D0000001000000000000A002 /* WordAceTests */ = {
			isa = PBXGroup;
			children = (
				B1000001000000000000A002 /* MergeLogicTests.swift */,
				B1000002000000000000A002 /* AutoLearnTests.swift */,
			);
			path = WordAceTests;
			sourceTree = "<group>";
		};
		D0000003000000000000A001 /* Products */ = {
			isa = PBXGroup;
			children = (
				B0000001000000000000A001 /* WordAce.app */,
				B0000001000000000000A002 /* WordAceTests.xctest */,
			);
			name = Products;
			sourceTree = "<group>";
		};
		D0000004000000000000A001 /* Models */ = {
			isa = PBXGroup;
			children = (
				B1000002000000000000A001 /* Models.swift */,
			);
			path = Models;
			sourceTree = "<group>";
		};
		D0000005000000000000A001 /* Dictionary */ = {
			isa = PBXGroup;
			children = (
				B1000003000000000000A001 /* DictionaryService.swift */,
				B100000E000000000000A001 /* DictionaryDownloader.swift */,
			);
			path = Dictionary;
			sourceTree = "<group>";
		};
		D0000006000000000000A001 /* Quiz */ = {
			isa = PBXGroup;
			children = (
				B1000004000000000000A001 /* QuizEngine.swift */,
			);
			path = Quiz;
			sourceTree = "<group>";
		};
		D0000007000000000000A001 /* Views */ = {
			isa = PBXGroup;
			children = (
				B1000005000000000000A001 /* GroupsListView.swift */,
				B100000F000000000000A001 /* DictionaryLoaderView.swift */,
				B1000011000000000000A001 /* ReadyGroupsView.swift */,
				B1000013000000000000A001 /* SharedViews.swift */,
				B1000014000000000000A001 /* GroupStatsView.swift */,
				B1000006000000000000A001 /* GroupDetailView.swift */,
				B1000007000000000000A001 /* WordLookupView.swift */,
				B1000008000000000000A001 /* WordDetailView.swift */,
				B1000009000000000000A001 /* QuizConfigSheet.swift */,
				B100000A000000000000A001 /* QuizRunnerView.swift */,
			);
			path = Views;
			sourceTree = "<group>";
		};
		D0000008000000000000A001 /* Preview Content */ = {
			isa = PBXGroup;
			children = (
				B100000C000000000000A001 /* Preview Assets.xcassets */,
			);
			path = "Preview Content";
			sourceTree = "<group>";
		};
		D0000009000000000000A001 /* Resources */ = {
			isa = PBXGroup;
			children = (
				B100000D000000000000A001 /* dictionary.sqlite */,
				B1000012000000000000A001 /* ready_groups.json */,
			);
			path = Resources;
			sourceTree = "<group>";
		};
/* End PBXGroup section */

/* Begin PBXNativeTarget section */
		E0000001000000000000A001 /* WordAce */ = {
			isa = PBXNativeTarget;
			buildConfigurationList = F0000001000000000000A001 /* Build configuration list for PBXNativeTarget "WordAce" */;
			buildPhases = (
				E0000002000000000000A001 /* Sources */,
				C0000001000000000000A001 /* Frameworks */,
				E0000003000000000000A001 /* Resources */,
			);
			buildRules = (
			);
			dependencies = (
			);
			name = WordAce;
			productName = WordAce;
			productReference = B0000001000000000000A001 /* WordAce.app */;
			productType = "com.apple.product-type.application";
		};
		E0000001000000000000A002 /* WordAceTests */ = {
			isa = PBXNativeTarget;
			buildConfigurationList = F0000001000000000000A002 /* Build configuration list for PBXNativeTarget "WordAceTests" */;
			buildPhases = (
				E0000002000000000000A002 /* Sources */,
				C0000001000000000000A002 /* Frameworks */,
			);
			buildRules = (
			);
			dependencies = (
				E0000005000000000000A002 /* PBXTargetDependency */,
			);
			name = WordAceTests;
			productName = WordAceTests;
			productReference = B0000001000000000000A002 /* WordAceTests.xctest */;
			productType = "com.apple.product-type.bundle.unit-test";
		};
/* End PBXNativeTarget section */

/* Begin PBXTargetDependency section */
		E0000005000000000000A002 /* PBXTargetDependency */ = {
			isa = PBXTargetDependency;
			target = E0000001000000000000A001 /* WordAce */;
			targetProxy = E0000006000000000000A002 /* PBXContainerItemProxy */;
		};
/* End PBXTargetDependency section */

/* Begin PBXContainerItemProxy section */
		E0000006000000000000A002 /* PBXContainerItemProxy */ = {
			isa = PBXContainerItemProxy;
			containerPortal = E0000004000000000000A001 /* Project object */;
			proxyType = 1;
			remoteGlobalIDString = E0000001000000000000A001;
			remoteInfo = WordAce;
		};
/* End PBXContainerItemProxy section */

/* Begin PBXProject section */
		E0000004000000000000A001 /* Project object */ = {
			isa = PBXProject;
			attributes = {
				BuildIndependentTargetsInParallel = 1;
				LastSwiftUpdateCheck = 1500;
				LastUpgradeCheck = 1500;
				TargetAttributes = {
					E0000001000000000000A001 = {
						CreatedOnToolsVersion = 15.0;
					};
					E0000001000000000000A002 = {
						CreatedOnToolsVersion = 15.0;
						TestTargetID = E0000001000000000000A001;
					};
				};
			};
			buildConfigurationList = F0000002000000000000A001 /* Build configuration list for PBXProject "WordAce" */;
			compatibilityVersion = "Xcode 14.0";
			developmentRegion = en;
			hasScannedForEncodings = 0;
			knownRegions = (
				en,
				Base,
			);
			mainGroup = D0000001000000000000A001;
			productRefGroup = D0000003000000000000A001 /* Products */;
			projectDirPath = "";
			projectRoot = "";
			targets = (
				E0000001000000000000A001 /* WordAce */,
				E0000001000000000000A002 /* WordAceTests */,
			);
		};
/* End PBXProject section */

/* Begin PBXResourcesBuildPhase section */
		E0000003000000000000A001 /* Resources */ = {
			isa = PBXResourcesBuildPhase;
			buildActionMask = 2147483647;
			files = (
				A100000C000000000000A001 /* Preview Assets.xcassets in Resources */,
				A100000B000000000000A001 /* Assets.xcassets in Resources */,
				A100000D000000000000A001 /* dictionary.sqlite in Resources */,
				A1000012000000000000A001 /* ready_groups.json in Resources */,
			);
			runOnlyForDeploymentPostprocessing = 0;
		};
/* End PBXResourcesBuildPhase section */

/* Begin PBXSourcesBuildPhase section */
		E0000002000000000000A001 /* Sources */ = {
			isa = PBXSourcesBuildPhase;
			buildActionMask = 2147483647;
			files = (
				A1000001000000000000A001 /* WordAceApp.swift in Sources */,
				A1000002000000000000A001 /* Models.swift in Sources */,
				A1000003000000000000A001 /* DictionaryService.swift in Sources */,
				A100000E000000000000A001 /* DictionaryDownloader.swift in Sources */,
				A100000F000000000000A001 /* DictionaryLoaderView.swift in Sources */,
				A1000011000000000000A001 /* ReadyGroupsView.swift in Sources */,
				A1000013000000000000A001 /* SharedViews.swift in Sources */,
				A1000014000000000000A001 /* GroupStatsView.swift in Sources */,
				A1000004000000000000A001 /* QuizEngine.swift in Sources */,
				A1000005000000000000A001 /* GroupsListView.swift in Sources */,
				A1000006000000000000A001 /* GroupDetailView.swift in Sources */,
				A1000007000000000000A001 /* WordLookupView.swift in Sources */,
				A1000008000000000000A001 /* WordDetailView.swift in Sources */,
				A1000009000000000000A001 /* QuizConfigSheet.swift in Sources */,
				A100000A000000000000A001 /* QuizRunnerView.swift in Sources */,
			);
			runOnlyForDeploymentPostprocessing = 0;
		};
		E0000002000000000000A002 /* Sources */ = {
			isa = PBXSourcesBuildPhase;
			buildActionMask = 2147483647;
			files = (
				A1000001000000000000A002 /* MergeLogicTests.swift in Sources */,
				A1000002000000000000A002 /* AutoLearnTests.swift in Sources */,
			);
			runOnlyForDeploymentPostprocessing = 0;
		};
/* End PBXSourcesBuildPhase section */

/* Begin XCBuildConfiguration section */
		F1000001000000000000A001 /* Debug */ = {
			isa = XCBuildConfiguration;
			buildSettings = {
				ALWAYS_SEARCH_USER_PATHS = NO;
				ASSETCATALOG_COMPILER_APPICON_NAME = AppIcon;
				ASSETCATALOG_COMPILER_GLOBAL_ACCENT_COLOR_NAME = AccentColor;
				CLANG_ANALYZER_NONNULL = YES;
				CLANG_ENABLE_MODULES = YES;
				CLANG_ENABLE_OBJC_ARC = YES;
				CODE_SIGN_STYLE = Automatic;
				CURRENT_PROJECT_VERSION = 1;
				DEVELOPMENT_ASSET_PATHS = "\"WordAce/Preview Content\"";
				DEVELOPMENT_TEAM = Z82ATH7DYQ;
				ENABLE_PREVIEWS = YES;
				GENERATE_INFOPLIST_FILE = YES;
				INFOPLIST_FILE = WordAce/Info.plist;
				INFOPLIST_KEY_UIApplicationSceneManifest_Generation = YES;
				INFOPLIST_KEY_UIApplicationSupportsIndirectInputEvents = YES;
				INFOPLIST_KEY_UILaunchScreen_Generation = YES;
				INFOPLIST_KEY_UISupportedInterfaceOrientations_iPad = "UIInterfaceOrientationPortrait UIInterfaceOrientationPortraitUpsideDown UIInterfaceOrientationLandscapeLeft UIInterfaceOrientationLandscapeRight";
				INFOPLIST_KEY_UISupportedInterfaceOrientations_iPhone = "UIInterfaceOrientationPortrait UIInterfaceOrientationLandscapeLeft UIInterfaceOrientationLandscapeRight";
				IPHONEOS_DEPLOYMENT_TARGET = 17.0;
				LD_RUNPATH_SEARCH_PATHS = "@executable_path/Frameworks";
				MARKETING_VERSION = 1.0;
				PRODUCT_BUNDLE_IDENTIFIER = com.deniskremko.wordace;
				PRODUCT_NAME = "$(TARGET_NAME)";
				SWIFT_ACTIVE_COMPILATION_CONDITIONS = "DEBUG $(inherited)";
				SWIFT_EMIT_LOC_STRINGS = YES;
				SWIFT_OPTIMIZATION_LEVEL = "-Onone";
				SWIFT_VERSION = 5.0;
				TARGETED_DEVICE_FAMILY = "1,2";
			};
			name = Debug;
		};
		F1000002000000000000A001 /* Release */ = {
			isa = XCBuildConfiguration;
			buildSettings = {
				ALWAYS_SEARCH_USER_PATHS = NO;
				ASSETCATALOG_COMPILER_APPICON_NAME = AppIcon;
				ASSETCATALOG_COMPILER_GLOBAL_ACCENT_COLOR_NAME = AccentColor;
				CLANG_ANALYZER_NONNULL = YES;
				CLANG_ENABLE_MODULES = YES;
				CLANG_ENABLE_OBJC_ARC = YES;
				CODE_SIGN_STYLE = Automatic;
				CURRENT_PROJECT_VERSION = 1;
				DEVELOPMENT_ASSET_PATHS = "\"WordAce/Preview Content\"";
				DEVELOPMENT_TEAM = Z82ATH7DYQ;
				ENABLE_PREVIEWS = YES;
				GENERATE_INFOPLIST_FILE = YES;
				INFOPLIST_FILE = WordAce/Info.plist;
				INFOPLIST_KEY_UIApplicationSceneManifest_Generation = YES;
				INFOPLIST_KEY_UIApplicationSupportsIndirectInputEvents = YES;
				INFOPLIST_KEY_UILaunchScreen_Generation = YES;
				INFOPLIST_KEY_UISupportedInterfaceOrientations_iPad = "UIInterfaceOrientationPortrait UIInterfaceOrientationPortraitUpsideDown UIInterfaceOrientationLandscapeLeft UIInterfaceOrientationLandscapeRight";
				INFOPLIST_KEY_UISupportedInterfaceOrientations_iPhone = "UIInterfaceOrientationPortrait UIInterfaceOrientationLandscapeLeft UIInterfaceOrientationLandscapeRight";
				IPHONEOS_DEPLOYMENT_TARGET = 17.0;
				LD_RUNPATH_SEARCH_PATHS = "@executable_path/Frameworks";
				MARKETING_VERSION = 1.0;
				PRODUCT_BUNDLE_IDENTIFIER = com.deniskremko.wordace;
				PRODUCT_NAME = "$(TARGET_NAME)";
				SWIFT_EMIT_LOC_STRINGS = YES;
				SWIFT_OPTIMIZATION_LEVEL = "-O";
				SWIFT_VERSION = 5.0;
				TARGETED_DEVICE_FAMILY = "1,2";
			};
			name = Release;
		};
		F1000003000000000000A001 /* Debug */ = {
			isa = XCBuildConfiguration;
			buildSettings = {
				ALWAYS_SEARCH_USER_PATHS = NO;
				CLANG_ANALYZER_NONNULL = YES;
				CLANG_ANALYZER_NUMBER_OBJECT_CONVERSION = YES_AGGRESSIVE;
				CLANG_CXX_LANGUAGE_STANDARD = "gnu++20";
				CLANG_ENABLE_MODULES = YES;
				CLANG_ENABLE_OBJC_ARC = YES;
				CLANG_ENABLE_OBJC_WEAK = YES;
				COPY_PHASE_STRIP = NO;
				DEBUG_INFORMATION_FORMAT = dwarf;
				ENABLE_STRICT_OBJC_MSGSEND = YES;
				ENABLE_TESTABILITY = YES;
				ENABLE_USER_SCRIPT_SANDBOXING = YES;
				GCC_C_LANGUAGE_STANDARD = gnu17;
				GCC_DYNAMIC_NO_PIC = NO;
				GCC_NO_COMMON_BLOCKS = YES;
				GCC_OPTIMIZATION_LEVEL = 0;
				GCC_PREPROCESSOR_DEFINITIONS = (
					"DEBUG=1",
					"$(inherited)",
				);
				IPHONEOS_DEPLOYMENT_TARGET = 17.0;
				LOCALIZATION_PREFERS_STRING_CATALOGS = YES;
				MTL_ENABLE_DEBUG_INFO = INCLUDE_SOURCE;
				MTL_FAST_MATH = YES;
				ONLY_ACTIVE_ARCH = YES;
				SDKROOT = iphoneos;
				SWIFT_ACTIVE_COMPILATION_CONDITIONS = "DEBUG $(inherited)";
				SWIFT_OPTIMIZATION_LEVEL = "-Onone";
			};
			name = Debug;
		};
		F1000004000000000000A001 /* Release */ = {
			isa = XCBuildConfiguration;
			buildSettings = {
				ALWAYS_SEARCH_USER_PATHS = NO;
				CLANG_ANALYZER_NONNULL = YES;
				CLANG_ANALYZER_NUMBER_OBJECT_CONVERSION = YES_AGGRESSIVE;
				CLANG_CXX_LANGUAGE_STANDARD = "gnu++20";
				CLANG_ENABLE_MODULES = YES;
				CLANG_ENABLE_OBJC_ARC = YES;
				CLANG_ENABLE_OBJC_WEAK = YES;
				COPY_PHASE_STRIP = NO;
				DEBUG_INFORMATION_FORMAT = "dwarf-with-dsym";
				ENABLE_NS_ASSERTIONS = NO;
				ENABLE_STRICT_OBJC_MSGSEND = YES;
				ENABLE_USER_SCRIPT_SANDBOXING = YES;
				GCC_C_LANGUAGE_STANDARD = gnu17;
				GCC_NO_COMMON_BLOCKS = YES;
				IPHONEOS_DEPLOYMENT_TARGET = 17.0;
				LOCALIZATION_PREFERS_STRING_CATALOGS = YES;
				MTL_ENABLE_DEBUG_INFO = NO;
				MTL_FAST_MATH = YES;
				SDKROOT = iphoneos;
				SWIFT_COMPILATION_MODE = wholemodule;
			};
			name = Release;
		};
		F1000001000000000000A002 /* Debug */ = {
			isa = XCBuildConfiguration;
			buildSettings = {
				BUNDLE_LOADER = "$(TEST_HOST)";
				CODE_SIGN_STYLE = Automatic;
				CURRENT_PROJECT_VERSION = 1;
				GENERATE_INFOPLIST_FILE = YES;
				IPHONEOS_DEPLOYMENT_TARGET = 17.0;
				MARKETING_VERSION = 1.0;
				PRODUCT_BUNDLE_IDENTIFIER = com.deniskremko.wordace.tests;
				PRODUCT_NAME = "$(TARGET_NAME)";
				SWIFT_EMIT_LOC_STRINGS = NO;
				SWIFT_VERSION = 5.0;
				TARGETED_DEVICE_FAMILY = "1,2";
				TEST_HOST = "$(BUILT_PRODUCTS_DIR)/WordAce.app/$(BUNDLE_EXECUTABLE_FOLDER_PATH)/WordAce";
			};
			name = Debug;
		};
		F1000002000000000000A002 /* Release */ = {
			isa = XCBuildConfiguration;
			buildSettings = {
				BUNDLE_LOADER = "$(TEST_HOST)";
				CODE_SIGN_STYLE = Automatic;
				CURRENT_PROJECT_VERSION = 1;
				GENERATE_INFOPLIST_FILE = YES;
				IPHONEOS_DEPLOYMENT_TARGET = 17.0;
				MARKETING_VERSION = 1.0;
				PRODUCT_BUNDLE_IDENTIFIER = com.deniskremko.wordace.tests;
				PRODUCT_NAME = "$(TARGET_NAME)";
				SWIFT_EMIT_LOC_STRINGS = NO;
				SWIFT_VERSION = 5.0;
				TARGETED_DEVICE_FAMILY = "1,2";
				TEST_HOST = "$(BUILT_PRODUCTS_DIR)/WordAce.app/$(BUNDLE_EXECUTABLE_FOLDER_PATH)/WordAce";
			};
			name = Release;
		};
/* End XCBuildConfiguration section */

/* Begin XCConfigurationList section */
		F0000001000000000000A001 /* Build configuration list for PBXNativeTarget "WordAce" */ = {
			isa = XCConfigurationList;
			buildConfigurations = (
				F1000001000000000000A001 /* Debug */,
				F1000002000000000000A001 /* Release */,
			);
			defaultConfigurationIsVisible = 0;
			defaultConfigurationName = Release;
		};
		F0000002000000000000A001 /* Build configuration list for PBXProject "WordAce" */ = {
			isa = XCConfigurationList;
			buildConfigurations = (
				F1000003000000000000A001 /* Debug */,
				F1000004000000000000A001 /* Release */,
			);
			defaultConfigurationIsVisible = 0;
			defaultConfigurationName = Release;
		};
		F0000001000000000000A002 /* Build configuration list for PBXNativeTarget "WordAceTests" */ = {
			isa = XCConfigurationList;
			buildConfigurations = (
				F1000001000000000000A002 /* Debug */,
				F1000002000000000000A002 /* Release */,
			);
			defaultConfigurationIsVisible = 0;
			defaultConfigurationName = Release;
		};
/* End XCConfigurationList section */
	};
	rootObject = E0000004000000000000A001 /* Project object */;
}
